# THIS IS AN AUTOGENERATED FILE. DO NOT EDIT THIS FILE DIRECTLY.
# yarn lockfile v1


dayjs@^1.11.19:
  version "1.11.19"
  resolved "https://registry.yarnpkg.com/dayjs/-/dayjs-1.11.19.tgz#15dc98e854bb43917f12021806af897c58ae2938"
  integrity sha512-t5EcLVS6QPBNqM2z8fakk/NKel+Xzshgt8FFKAn+qwlD1pzZWxh0nVCrvFK7ZDb6XucZeF9z8C7CBWTRIVApAw==
